// !$*UTF8*$!
{
	archiveVersion = 1;
	classes = {
	};
	objectVersion = 56;
	objects = {

/* Begin PBXBuildFile section */
		FA62FDBC29EBA1E400A02335 /* EryndorApp.swift in Sources */ = {isa = PBXBuildFile; fileRef = FA62FDB629EBA1E400A02335 /* EryndorApp.swift */; };
		FA62FDBD29EBA1E400A02335 /* ContentView.swift in Sources */ = {isa = PBXBuildFile; fileRef = FA62FDB729EBA1E400A02335 /* ContentView.swift */; };
		FA62FDBE29EBA1E400A02335 /* Assets.xcassets in Resources */ = {isa = PBXBuildFile; fileRef = FA62FDB929EBA1E400A02335 /* Assets.xcassets */; };
		FA62FDBF29EBA1E400A02335 /* Preview Assets.xcassets in Resources */ = {isa = PBXBuildFile; fileRef = FA62FDBB29EBA1E400A02335 /* Preview Assets.xcassets */; };
		FA62FDC329EBA25E00A02335 /* ASKCore in Resources */ = {isa = PBXBuildFile; fileRef = FA62FDC129EBA25E00A02335 /* ASKCore */; };
		FA62FDC429EBA25E00A02335 /* ASKDesignSystem in Resources */ = {isa = PBXBuildFile; fileRef = FA62FDC229EBA25E00A02335 /* ASKDesignSystem */; };
		FA62FDC929EBA28200A02335 /* IOC.swift in Sources */ = {isa = PBXBuildFile; fileRef = FA62FDC829EBA28200A02335 /* IOC.swift */; };
		FA62FDCC29EBAC1400A02335 /* GRDB in Frameworks */ = {isa = PBXBuildFile; productRef = FA62FDCB29EBAC1400A02335 /* GRDB */; };
		FA62FDD229EBACB100A02335 /* SQLStore.swift in Sources */ = {isa = PBXBuildFile; fileRef = FA62FDD129EBACB100A02335 /* SQLStore.swift */; };
		FA62FDD429EBACB800A02335 /* SQLMigrations.swift in Sources */ = {isa = PBXBuildFile; fileRef = FA62FDD329EBACB800A02335 /* SQLMigrations.swift */; };
		FA62FDD629EBADC000A02335 /* ASKCore in Frameworks */ = {isa = PBXBuildFile; productRef = FA62FDD529EBADC000A02335 /* ASKCore */; };
		FA62FDD829EBADC000A02335 /* ASKDesignSystem in Frameworks */ = {isa = PBXBuildFile; productRef = FA62FDD729EBADC000A02335 /* ASKDesignSystem */; };
		FA62FDDB29EBBA1900A02335 /* MapView.swift in Sources */ = {isa = PBXBuildFile; fileRef = FA62FDDA29EBBA1900A02335 /* MapView.swift */; };
		FA62FDDD29EBBA1D00A02335 /* MapViewModel.swift in Sources */ = {isa = PBXBuildFile; fileRef = FA62FDDC29EBBA1D00A02335 /* MapViewModel.swift */; };
		FA99706E29ECA3F5007C3211 /* WindowSizeView.swift in Sources */ = {isa = PBXBuildFile; fileRef = FA99706D29ECA3F5007C3211 /* WindowSizeView.swift */; };
		FA99707229ED2EF9007C3211 /* MapSquare.swift in Sources */ = {isa = PBXBuildFile; fileRef = FA99707129ED2EF9007C3211 /* MapSquare.swift */; };
/* End PBXBuildFile section */

/* Begin PBXFileReference section */
		FA62FD9F29EBA1B600A02335 /* Eryndor.app */ = {isa = PBXFileReference; explicitFileType = wrapper.application; includeInIndex = 0; path = Eryndor.app; sourceTree = BUILT_PRODUCTS_DIR; };
		FA62FDB229EBA1E400A02335 /* Eryndor.entitlements */ = {isa = PBXFileReference; fileEncoding = 4; lastKnownFileType = text.plist.entitlements; path = Eryndor.entitlements; sourceTree = "<group>"; };
		FA62FDB629EBA1E400A02335 /* EryndorApp.swift */ = {isa = PBXFileReference; fileEncoding = 4; lastKnownFileType = sourcecode.swift; path = EryndorApp.swift; sourceTree = "<group>"; };
		FA62FDB729EBA1E400A02335 /* ContentView.swift */ = {isa = PBXFileReference; fileEncoding = 4; lastKnownFileType = sourcecode.swift; path = ContentView.swift; sourceTree = "<group>"; };
		FA62FDB929EBA1E400A02335 /* Assets.xcassets */ = {isa = PBXFileReference; lastKnownFileType = folder.assetcatalog; path = Assets.xcassets; sourceTree = "<group>"; };
		FA62FDBB29EBA1E400A02335 /* Preview Assets.xcassets */ = {isa = PBXFileReference; lastKnownFileType = folder.assetcatalog; path = "Preview Assets.xcassets"; sourceTree = "<group>"; };
		FA62FDC129EBA25E00A02335 /* ASKCore */ = {isa = PBXFileReference; lastKnownFileType = wrapper; path = ASKCore; sourceTree = "<group>"; };
		FA62FDC229EBA25E00A02335 /* ASKDesignSystem */ = {isa = PBXFileReference; lastKnownFileType = wrapper; path = ASKDesignSystem; sourceTree = "<group>"; };
		FA62FDC829EBA28200A02335 /* IOC.swift */ = {isa = PBXFileReference; fileEncoding = 4; lastKnownFileType = sourcecode.swift; path = IOC.swift; sourceTree = "<group>"; };
		FA62FDD129EBACB100A02335 /* SQLStore.swift */ = {isa = PBXFileReference; fileEncoding = 4; lastKnownFileType = sourcecode.swift; path = SQLStore.swift; sourceTree = "<group>"; };
		FA62FDD329EBACB800A02335 /* SQLMigrations.swift */ = {isa = PBXFileReference; lastKnownFileType = sourcecode.swift; path = SQLMigrations.swift; sourceTree = "<group>"; };
		FA62FDDA29EBBA1900A02335 /* MapView.swift */ = {isa = PBXFileReference; lastKnownFileType = sourcecode.swift; path = MapView.swift; sourceTree = "<group>"; };
		FA62FDDC29EBBA1D00A02335 /* MapViewModel.swift */ = {isa = PBXFileReference; lastKnownFileType = sourcecode.swift; path = MapViewModel.swift; sourceTree = "<group>"; };
		FA99706D29ECA3F5007C3211 /* WindowSizeView.swift */ = {isa = PBXFileReference; fileEncoding = 4; lastKnownFileType = sourcecode.swift; path = WindowSizeView.swift; sourceTree = "<group>"; };
		FA99707129ED2EF9007C3211 /* MapSquare.swift */ = {isa = PBXFileReference; lastKnownFileType = sourcecode.swift; path = MapSquare.swift; sourceTree = "<group>"; };
/* End PBXFileReference section */

/* Begin PBXFrameworksBuildPhase section */
		FA62FD9C29EBA1B600A02335 /* Frameworks */ = {
			isa = PBXFrameworksBuildPhase;
			buildActionMask = 2147483647;
			files = (
				FA62FDD829EBADC000A02335 /* ASKDesignSystem in Frameworks */,
				FA62FDCC29EBAC1400A02335 /* GRDB in Frameworks */,
				FA62FDD629EBADC000A02335 /* ASKCore in Frameworks */,
			);
			runOnlyForDeploymentPostprocessing = 0;
		};
/* End PBXFrameworksBuildPhase section */

/* Begin PBXGroup section */
		FA62FD9629EBA1B600A02335 = {
			isa = PBXGroup;
			children = (
				FA62FDC029EBA25E00A02335 /* Frameworks */,
				FA62FDA129EBA1B600A02335 /* Eryndor */,
				FA62FDA029EBA1B600A02335 /* Products */,
			);
			sourceTree = "<group>";
		};
		FA62FDA029EBA1B600A02335 /* Products */ = {
			isa = PBXGroup;
			children = (
				FA62FD9F29EBA1B600A02335 /* Eryndor.app */,
			);
			name = Products;
			sourceTree = "<group>";
		};
		FA62FDA129EBA1B600A02335 /* Eryndor */ = {
			isa = PBXGroup;
			children = (
				FA62FDB129EBA1E400A02335 /* Config */,
				FA99706F29ED2EE8007C3211 /* Model */,
				FA62FDB829EBA1E400A02335 /* Resource */,
				FA62FDB429EBA1E400A02335 /* Scene */,
				FA62FDB329EBA1E400A02335 /* Service */,
				FA62FDCD29EBAC4000A02335 /* Store */,
			);
			path = Eryndor;
			sourceTree = "<group>";
		};
		FA62FDB129EBA1E400A02335 /* Config */ = {
			isa = PBXGroup;
			children = (
				FA62FDB229EBA1E400A02335 /* Eryndor.entitlements */,
			);
			path = Config;
			sourceTree = "<group>";
		};
		FA62FDB329EBA1E400A02335 /* Service */ = {
			isa = PBXGroup;
			children = (
				FA62FDC729EBA28200A02335 /* App */,
			);
			path = Service;
			sourceTree = "<group>";
		};
		FA62FDB429EBA1E400A02335 /* Scene */ = {
			isa = PBXGroup;
			children = (
				FA62FDB529EBA1E400A02335 /* App */,
				FA99706C29ECA3F5007C3211 /* Util */,
				FA62FDD929EBBA1100A02335 /* World */,
			);
			path = Scene;
			sourceTree = "<group>";
		};
		FA62FDB529EBA1E400A02335 /* App */ = {
			isa = PBXGroup;
			children = (
				FA62FDB629EBA1E400A02335 /* EryndorApp.swift */,
				FA62FDB729EBA1E400A02335 /* ContentView.swift */,
			);
			path = App;
			sourceTree = "<group>";
		};
		FA62FDB829EBA1E400A02335 /* Resource */ = {
			isa = PBXGroup;
			children = (
				FA62FDB929EBA1E400A02335 /* Assets.xcassets */,
				FA62FDBA29EBA1E400A02335 /* Preview Content */,
			);
			path = Resource;
			sourceTree = "<group>";
		};
		FA62FDBA29EBA1E400A02335 /* Preview Content */ = {
			isa = PBXGroup;
			children = (
				FA62FDBB29EBA1E400A02335 /* Preview Assets.xcassets */,
			);
			path = "Preview Content";
			sourceTree = "<group>";
		};
		FA62FDC029EBA25E00A02335 /* Frameworks */ = {
			isa = PBXGroup;
			children = (
				FA62FDC129EBA25E00A02335 /* ASKCore */,
				FA62FDC229EBA25E00A02335 /* ASKDesignSystem */,
			);
			path = Frameworks;
			sourceTree = "<group>";
		};
		FA62FDC729EBA28200A02335 /* App */ = {
			isa = PBXGroup;
			children = (
				FA62FDC829EBA28200A02335 /* IOC.swift */,
			);
			path = App;
			sourceTree = "<group>";
		};
		FA62FDCD29EBAC4000A02335 /* Store */ = {
			isa = PBXGroup;
			children = (
				FA62FDD029EBACB100A02335 /* SQL */,
			);
			path = Store;
			sourceTree = "<group>";
		};
		FA62FDD029EBACB100A02335 /* SQL */ = {
			isa = PBXGroup;
			children = (
				FA62FDD129EBACB100A02335 /* SQLStore.swift */,
				FA62FDD329EBACB800A02335 /* SQLMigrations.swift */,
			);
			path = SQL;
			sourceTree = "<group>";
		};
		FA62FDD929EBBA1100A02335 /* World */ = {
			isa = PBXGroup;
			children = (
				FA62FDDA29EBBA1900A02335 /* MapView.swift */,
				FA62FDDC29EBBA1D00A02335 /* MapViewModel.swift */,
			);
			path = World;
			sourceTree = "<group>";
		};
		FA99706C29ECA3F5007C3211 /* Util */ = {
			isa = PBXGroup;
			children = (
				FA99706D29ECA3F5007C3211 /* WindowSizeView.swift */,
			);
			path = Util;
			sourceTree = "<group>";
		};
		FA99706F29ED2EE8007C3211 /* Model */ = {
			isa = PBXGroup;
			children = (
				FA99707029ED2EF4007C3211 /* Map */,
			);
			path = Model;
			sourceTree = "<group>";
		};
		FA99707029ED2EF4007C3211 /* Map */ = {
			isa = PBXGroup;
			children = (
				FA99707129ED2EF9007C3211 /* MapSquare.swift */,
			);
			path = Map;
			sourceTree = "<group>";
		};
/* End PBXGroup section */

/* Begin PBXNativeTarget section */
		FA62FD9E29EBA1B600A02335 /* Eryndor */ = {
			isa = PBXNativeTarget;
			buildConfigurationList = FA62FDAE29EBA1B600A02335 /* Build configuration list for PBXNativeTarget "Eryndor" */;
			buildPhases = (
				FA62FD9B29EBA1B600A02335 /* Sources */,
				FA62FD9C29EBA1B600A02335 /* Frameworks */,
				FA62FD9D29EBA1B600A02335 /* Resources */,
			);
			buildRules = (
			);
			dependencies = (
			);
			name = Eryndor;
			packageProductDependencies = (
				FA62FDCB29EBAC1400A02335 /* GRDB */,
				FA62FDD529EBADC000A02335 /* ASKCore */,
				FA62FDD729EBADC000A02335 /* ASKDesignSystem */,
			);
			productName = Eryndor;
			productReference = FA62FD9F29EBA1B600A02335 /* Eryndor.app */;
			productType = "com.apple.product-type.application";
		};
/* End PBXNativeTarget section */

/* Begin PBXProject section */
		FA62FD9729EBA1B600A02335 /* Project object */ = {
			isa = PBXProject;
			attributes = {
				BuildIndependentTargetsInParallel = 1;
				LastSwiftUpdateCheck = 1410;
				LastUpgradeCheck = 1410;
				TargetAttributes = {
					FA62FD9E29EBA1B600A02335 = {
						CreatedOnToolsVersion = 14.1;
					};
				};
			};
			buildConfigurationList = FA62FD9A29EBA1B600A02335 /* Build configuration list for PBXProject "Eryndor" */;
			compatibilityVersion = "Xcode 14.0";
			developmentRegion = en;
			hasScannedForEncodings = 0;
			knownRegions = (
				en,
				Base,
			);
			mainGroup = FA62FD9629EBA1B600A02335;
			packageReferences = (
				FA62FDCA29EBAC1400A02335 /* XCRemoteSwiftPackageReference "GRDB.swift" */,
			);
			productRefGroup = FA62FDA029EBA1B600A02335 /* Products */;
			projectDirPath = "";
			projectRoot = "";
			targets = (
				FA62FD9E29EBA1B600A02335 /* Eryndor */,
			);
		};
/* End PBXProject section */

/* Begin PBXResourcesBuildPhase section */
		FA62FD9D29EBA1B600A02335 /* Resources */ = {
			isa = PBXResourcesBuildPhase;
			buildActionMask = 2147483647;
			files = (
				FA62FDC329EBA25E00A02335 /* ASKCore in Resources */,
				FA62FDC429EBA25E00A02335 /* ASKDesignSystem in Resources */,
				FA62FDBF29EBA1E400A02335 /* Preview Assets.xcassets in Resources */,
				FA62FDBE29EBA1E400A02335 /* Assets.xcassets in Resources */,
			);
			runOnlyForDeploymentPostprocessing = 0;
		};
/* End PBXResourcesBuildPhase section */

/* Begin PBXSourcesBuildPhase section */
		FA62FD9B29EBA1B600A02335 /* Sources */ = {
			isa = PBXSourcesBuildPhase;
			buildActionMask = 2147483647;
			files = (
				FA62FDD429EBACB800A02335 /* SQLMigrations.swift in Sources */,
				FA62FDDB29EBBA1900A02335 /* MapView.swift in Sources */,
				FA62FDBD29EBA1E400A02335 /* ContentView.swift in Sources */,
				FA62FDD229EBACB100A02335 /* SQLStore.swift in Sources */,
				FA62FDDD29EBBA1D00A02335 /* MapViewModel.swift in Sources */,
				FA99706E29ECA3F5007C3211 /* WindowSizeView.swift in Sources */,
				FA62FDBC29EBA1E400A02335 /* EryndorApp.swift in Sources */,
				FA99707229ED2EF9007C3211 /* MapSquare.swift in Sources */,
				FA62FDC929EBA28200A02335 /* IOC.swift in Sources */,
			);
			runOnlyForDeploymentPostprocessing = 0;
		};
/* End PBXSourcesBuildPhase section */

/* Begin XCBuildConfiguration section */
		FA62FDAC29EBA1B600A02335 /* Debug */ = {
			isa = XCBuildConfiguration;
			buildSettings = {
				ALWAYS_SEARCH_USER_PATHS = NO;
				CLANG_ANALYZER_NONNULL = YES;
				CLANG_ANALYZER_NUMBER_OBJECT_CONVERSION = YES_AGGRESSIVE;
				CLANG_CXX_LANGUAGE_STANDARD = "gnu++20";
				CLANG_ENABLE_MODULES = YES;
				CLANG_ENABLE_OBJC_ARC = YES;
				CLANG_ENABLE_OBJC_WEAK = YES;
				CLANG_WARN_BLOCK_CAPTURE_AUTORELEASING = YES;
				CLANG_WARN_BOOL_CONVERSION = YES;
				CLANG_WARN_COMMA = YES;
				CLANG_WARN_CONSTANT_CONVERSION = YES;
				CLANG_WARN_DEPRECATED_OBJC_IMPLEMENTATIONS = YES;
				CLANG_WARN_DIRECT_OBJC_ISA_USAGE = YES_ERROR;
				CLANG_WARN_DOCUMENTATION_COMMENTS = YES;
				CLANG_WARN_EMPTY_BODY = YES;
				CLANG_WARN_ENUM_CONVERSION = YES;
				CLANG_WARN_INFINITE_RECURSION = YES;
				CLANG_WARN_INT_CONVERSION = YES;
				CLANG_WARN_NON_LITERAL_NULL_CONVERSION = YES;
				CLANG_WARN_OBJC_IMPLICIT_RETAIN_SELF = YES;
				CLANG_WARN_OBJC_LITERAL_CONVERSION = YES;
				CLANG_WARN_OBJC_ROOT_CLASS = YES_ERROR;
				CLANG_WARN_QUOTED_INCLUDE_IN_FRAMEWORK_HEADER = YES;
				CLANG_WARN_RANGE_LOOP_ANALYSIS = YES;
				CLANG_WARN_STRICT_PROTOTYPES = YES;
				CLANG_WARN_SUSPICIOUS_MOVE = YES;
				CLANG_WARN_UNGUARDED_AVAILABILITY = YES_AGGRESSIVE;
				CLANG_WARN_UNREACHABLE_CODE = YES;
				CLANG_WARN__DUPLICATE_METHOD_MATCH = YES;
				COPY_PHASE_STRIP = NO;
				DEBUG_INFORMATION_FORMAT = dwarf;
				ENABLE_STRICT_OBJC_MSGSEND = YES;
				ENABLE_TESTABILITY = YES;
				GCC_C_LANGUAGE_STANDARD = gnu11;
				GCC_DYNAMIC_NO_PIC = NO;
				GCC_NO_COMMON_BLOCKS = YES;
				GCC_OPTIMIZATION_LEVEL = 0;
				GCC_PREPROCESSOR_DEFINITIONS = (
					"DEBUG=1",
					"$(inherited)",
				);
				GCC_WARN_64_TO_32_BIT_CONVERSION = YES;
				GCC_WARN_ABOUT_RETURN_TYPE = YES_ERROR;
				GCC_WARN_UNDECLARED_SELECTOR = YES;
				GCC_WARN_UNINITIALIZED_AUTOS = YES_AGGRESSIVE;
				GCC_WARN_UNUSED_FUNCTION = YES;
				GCC_WARN_UNUSED_VARIABLE = YES;
				MACOSX_DEPLOYMENT_TARGET = 13.0;
				MTL_ENABLE_DEBUG_INFO = INCLUDE_SOURCE;
				MTL_FAST_MATH = YES;
				ONLY_ACTIVE_ARCH = YES;
				SDKROOT = macosx;
				SWIFT_ACTIVE_COMPILATION_CONDITIONS = DEBUG;
				SWIFT_OPTIMIZATION_LEVEL = "-Onone";
			};
			name = Debug;
		};
		FA62FDAD29EBA1B600A02335 /* Release */ = {
			isa = XCBuildConfiguration;
			buildSettings = {
				ALWAYS_SEARCH_USER_PATHS = NO;
				CLANG_ANALYZER_NONNULL = YES;
				CLANG_ANALYZER_NUMBER_OBJECT_CONVERSION = YES_AGGRESSIVE;
				CLANG_CXX_LANGUAGE_STANDARD = "gnu++20";
				CLANG_ENABLE_MODULES = YES;
				CLANG_ENABLE_OBJC_ARC = YES;
				CLANG_ENABLE_OBJC_WEAK = YES;
				CLANG_WARN_BLOCK_CAPTURE_AUTORELEASING = YES;
				CLANG_WARN_BOOL_CONVERSION = YES;
				CLANG_WARN_COMMA = YES;
				CLANG_WARN_CONSTANT_CONVERSION = YES;
				CLANG_WARN_DEPRECATED_OBJC_IMPLEMENTATIONS = YES;
				CLANG_WARN_DIRECT_OBJC_ISA_USAGE = YES_ERROR;
				CLANG_WARN_DOCUMENTATION_COMMENTS = YES;
				CLANG_WARN_EMPTY_BODY = YES;
				CLANG_WARN_ENUM_CONVERSION = YES;
				CLANG_WARN_INFINITE_RECURSION = YES;
				CLANG_WARN_INT_CONVERSION = YES;
				CLANG_WARN_NON_LITERAL_NULL_CONVERSION = YES;
				CLANG_WARN_OBJC_IMPLICIT_RETAIN_SELF = YES;
				CLANG_WARN_OBJC_LITERAL_CONVERSION = YES;
				CLANG_WARN_OBJC_ROOT_CLASS = YES_ERROR;
				CLANG_WARN_QUOTED_INCLUDE_IN_FRAMEWORK_HEADER = YES;
				CLANG_WARN_RANGE_LOOP_ANALYSIS = YES;
				CLANG_WARN_STRICT_PROTOTYPES = YES;
				CLANG_WARN_SUSPICIOUS_MOVE = YES;
				CLANG_WARN_UNGUARDED_AVAILABILITY = YES_AGGRESSIVE;
				CLANG_WARN_UNREACHABLE_CODE = YES;
				CLANG_WARN__DUPLICATE_METHOD_MATCH = YES;
				COPY_PHASE_STRIP = NO;
				DEBUG_INFORMATION_FORMAT = "dwarf-with-dsym";
				ENABLE_NS_ASSERTIONS = NO;
				ENABLE_STRICT_OBJC_MSGSEND = YES;
				GCC_C_LANGUAGE_STANDARD = gnu11;
				GCC_NO_COMMON_BLOCKS = YES;
				GCC_WARN_64_TO_32_BIT_CONVERSION = YES;
				GCC_WARN_ABOUT_RETURN_TYPE = YES_ERROR;
				GCC_WARN_UNDECLARED_SELECTOR = YES;
				GCC_WARN_UNINITIALIZED_AUTOS = YES_AGGRESSIVE;
				GCC_WARN_UNUSED_FUNCTION = YES;
				GCC_WARN_UNUSED_VARIABLE = YES;
				MACOSX_DEPLOYMENT_TARGET = 13.0;
				MTL_ENABLE_DEBUG_INFO = NO;
				MTL_FAST_MATH = YES;
				SDKROOT = macosx;
				SWIFT_COMPILATION_MODE = wholemodule;
				SWIFT_OPTIMIZATION_LEVEL = "-O";
			};
			name = Release;
		};
		FA62FDAF29EBA1B600A02335 /* Debug */ = {
			isa = XCBuildConfiguration;
			buildSettings = {
				ASSETCATALOG_COMPILER_APPICON_NAME = AppIcon;
				ASSETCATALOG_COMPILER_GLOBAL_ACCENT_COLOR_NAME = AccentColor;
				CODE_SIGN_ENTITLEMENTS = Eryndor/Config/Eryndor.entitlements;
				"CODE_SIGN_IDENTITY[sdk=macosx*]" = "Apple Development";
				CODE_SIGN_STYLE = Automatic;
				COMBINE_HIDPI_IMAGES = YES;
				CURRENT_PROJECT_VERSION = 1;
				DEVELOPMENT_ASSET_PATHS = "\"Eryndor/Resource/Preview Content\"";
				DEVELOPMENT_TEAM = X4S6MUZL2D;
				ENABLE_HARDENED_RUNTIME = YES;
				ENABLE_PREVIEWS = YES;
				GENERATE_INFOPLIST_FILE = YES;
				INFOPLIST_KEY_NSHumanReadableCopyright = "";
				LD_RUNPATH_SEARCH_PATHS = (
					"$(inherited)",
					"@executable_path/../Frameworks",
				);
				MARKETING_VERSION = 1.0;
				PRODUCT_BUNDLE_IDENTIFIER = com.skorulis.Eryndor;
				PRODUCT_NAME = "$(TARGET_NAME)";
				SWIFT_EMIT_LOC_STRINGS = YES;
				SWIFT_VERSION = 5.0;
			};
			name = Debug;
		};
		FA62FDB029EBA1B600A02335 /* Release */ = {
			isa = XCBuildConfiguration;
			buildSettings = {
				ASSETCATALOG_COMPILER_APPICON_NAME = AppIcon;
				ASSETCATALOG_COMPILER_GLOBAL_ACCENT_COLOR_NAME = AccentColor;
				CODE_SIGN_ENTITLEMENTS = Eryndor/Config/Eryndor.entitlements;
				"CODE_SIGN_IDENTITY[sdk=macosx*]" = "Apple Development";
				CODE_SIGN_STYLE = Automatic;
				COMBINE_HIDPI_IMAGES = YES;
				CURRENT_PROJECT_VERSION = 1;
				DEVELOPMENT_ASSET_PATHS = "\"Eryndor/Resource/Preview Content\"";
				DEVELOPMENT_TEAM = X4S6MUZL2D;
				ENABLE_HARDENED_RUNTIME = YES;
				ENABLE_PREVIEWS = YES;
				GENERATE_INFOPLIST_FILE = YES;
				INFOPLIST_KEY_NSHumanReadableCopyright = "";
				LD_RUNPATH_SEARCH_PATHS = (
					"$(inherited)",
					"@executable_path/../Frameworks",
				);
				MARKETING_VERSION = 1.0;
				PRODUCT_BUNDLE_IDENTIFIER = com.skorulis.Eryndor;
				PRODUCT_NAME = "$(TARGET_NAME)";
				SWIFT_EMIT_LOC_STRINGS = YES;
				SWIFT_VERSION = 5.0;
			};
			name = Release;
		};
/* End XCBuildConfiguration section */

/* Begin XCConfigurationList section */
		FA62FD9A29EBA1B600A02335 /* Build configuration list for PBXProject "Eryndor" */ = {
			isa = XCConfigurationList;
			buildConfigurations = (
				FA62FDAC29EBA1B600A02335 /* Debug */,
				FA62FDAD29EBA1B600A02335 /* Release */,
			);
			defaultConfigurationIsVisible = 0;
			defaultConfigurationName = Release;
		};
		FA62FDAE29EBA1B600A02335 /* Build configuration list for PBXNativeTarget "Eryndor" */ = {
			isa = XCConfigurationList;
			buildConfigurations = (
				FA62FDAF29EBA1B600A02335 /* Debug */,
				FA62FDB029EBA1B600A02335 /* Release */,
			);
			defaultConfigurationIsVisible = 0;
			defaultConfigurationName = Release;
		};
/* End XCConfigurationList section */

/* Begin XCRemoteSwiftPackageReference section */
		FA62FDCA29EBAC1400A02335 /* XCRemoteSwiftPackageReference "GRDB.swift" */ = {
			isa = XCRemoteSwiftPackageReference;
			repositoryURL = "git@github.com:groue/GRDB.swift.git";
			requirement = {
				branch = master;
				kind = branch;
			};
		};
/* End XCRemoteSwiftPackageReference section */

/* Begin XCSwiftPackageProductDependency section */
		FA62FDCB29EBAC1400A02335 /* GRDB */ = {
			isa = XCSwiftPackageProductDependency;
			package = FA62FDCA29EBAC1400A02335 /* XCRemoteSwiftPackageReference "GRDB.swift" */;
			productName = GRDB;
		};
		FA62FDD529EBADC000A02335 /* ASKCore */ = {
			isa = XCSwiftPackageProductDependency;
			productName = ASKCore;
		};
		FA62FDD729EBADC000A02335 /* ASKDesignSystem */ = {
			isa = XCSwiftPackageProductDependency;
			productName = ASKDesignSystem;
		};
/* End XCSwiftPackageProductDependency section */
	};
	rootObject = FA62FD9729EBA1B600A02335 /* Project object */;
}
